
Microsoft Visual Studio Solution File, Format Version 12.00
# Visual Studio 2012
Project("{FAE04EC0-301F-11D3-BF4B-00C04F79EFBC}") = "XamIOSLesson3", "XamIOSLesson3\XamIOSLesson3.csproj", "{59167CAD-3B45-423A-8E1B-F004E350A441}"
EndProject
Global
	GlobalSection(SolutionConfigurationPlatforms) = preSolution
		Debug|iPhoneSimulator = Debug|iPhoneSimulator
		Release|iPhone = Release|iPhone
		Release|iPhoneSimulator = Release|iPhoneSimulator
		Debug|iPhone = Debug|iPhone
	EndGlobalSection
	GlobalSection(ProjectConfigurationPlatforms) = postSolution
		{59167CAD-3B45-423A-8E1B-F004E350A441}.Debug|iPhoneSimulator.ActiveCfg = Debug|iPhoneSimulator
		{59167CAD-3B45-423A-8E1B-F004E350A441}.Debug|iPhoneSimulator.Build.0 = Debug|iPhoneSimulator
		{59167CAD-3B45-423A-8E1B-F004E350A441}.Release|iPhone.ActiveCfg = Release|iPhone
		{59167CAD-3B45-423A-8E1B-F004E350A441}.Release|iPhone.Build.0 = Release|iPhone
		{59167CAD-3B45-423A-8E1B-F004E350A441}.Release|iPhoneSimulator.ActiveCfg = Release|iPhoneSimulator
		{59167CAD-3B45-423A-8E1B-F004E350A441}.Release|iPhoneSimulator.Build.0 = Release|iPhoneSimulator
		{59167CAD-3B45-423A-8E1B-F004E350A441}.Debug|iPhone.ActiveCfg = Debug|iPhone
		{59167CAD-3B45-423A-8E1B-F004E350A441}.Debug|iPhone.Build.0 = Debug|iPhone
	EndGlobalSection
EndGlobal
